// !$*UTF8*$!
{
	archiveVersion = 1;
	classes = {
	};
	objectVersion = 46;
	objects = {

/* Begin PBXBuildFile section */
		AA757FF11AF2191400BF438F /* AppDelegate.swift in Sources */ = {isa = PBXBuildFile; fileRef = AA757FF01AF2191400BF438F /* AppDelegate.swift */; };
		AA757FF31AF2191400BF438F /* AboutViewController.swift in Sources */ = {isa = PBXBuildFile; fileRef = AA757FF21AF2191400BF438F /* AboutViewController.swift */; };
		AA757FF51AF2191400BF438F /* ResourcesViewController.swift in Sources */ = {isa = PBXBuildFile; fileRef = AA757FF41AF2191400BF438F /* ResourcesViewController.swift */; };
		AA757FF81AF2191400BF438F /* Main.storyboard in Resources */ = {isa = PBXBuildFile; fileRef = AA757FF61AF2191400BF438F /* Main.storyboard */; };
		AA757FFA1AF2191400BF438F /* Images.xcassets in Resources */ = {isa = PBXBuildFile; fileRef = AA757FF91AF2191400BF438F /* Images.xcassets */; };
		AA757FFD1AF2191400BF438F /* LaunchScreen.xib in Resources */ = {isa = PBXBuildFile; fileRef = AA757FFB1AF2191400BF438F /* LaunchScreen.xib */; };
		AA7580091AF2191400BF438F /* CoderDojo_LuxembourgTests.swift in Sources */ = {isa = PBXBuildFile; fileRef = AA7580081AF2191400BF438F /* CoderDojo_LuxembourgTests.swift */; };
		AA7580131AF21E5A00BF438F /* TwitterViewController.swift in Sources */ = {isa = PBXBuildFile; fileRef = AA7580121AF21E5A00BF438F /* TwitterViewController.swift */; };
		AA7580151AF21E8400BF438F /* LocationViewController.swift in Sources */ = {isa = PBXBuildFile; fileRef = AA7580141AF21E8400BF438F /* LocationViewController.swift */; };
		AA7580171AF21E9200BF438F /* NewsViewController.swift in Sources */ = {isa = PBXBuildFile; fileRef = AA7580161AF21E9200BF438F /* NewsViewController.swift */; };
/* End PBXBuildFile section */

/* Begin PBXContainerItemProxy section */
		AA7580031AF2191400BF438F /* PBXContainerItemProxy */ = {
			isa = PBXContainerItemProxy;
			containerPortal = AA757FE31AF2191400BF438F /* Project object */;
			proxyType = 1;
			remoteGlobalIDString = AA757FEA1AF2191400BF438F;
			remoteInfo = "CoderDojo Luxembourg";
		};
/* End PBXContainerItemProxy section */

/* Begin PBXFileReference section */
		AA757FEB1AF2191400BF438F /* CoderDojo Luxembourg.app */ = {isa = PBXFileReference; explicitFileType = wrapper.application; includeInIndex = 0; path = "CoderDojo Luxembourg.app"; sourceTree = BUILT_PRODUCTS_DIR; };
		AA757FEF1AF2191400BF438F /* Info.plist */ = {isa = PBXFileReference; lastKnownFileType = text.plist.xml; path = Info.plist; sourceTree = "<group>"; };
		AA757FF01AF2191400BF438F /* AppDelegate.swift */ = {isa = PBXFileReference; lastKnownFileType = sourcecode.swift; path = AppDelegate.swift; sourceTree = "<group>"; };
		AA757FF21AF2191400BF438F /* AboutViewController.swift */ = {isa = PBXFileReference; lastKnownFileType = sourcecode.swift; path = AboutViewController.swift; sourceTree = "<group>"; };
		AA757FF41AF2191400BF438F /* ResourcesViewController.swift */ = {isa = PBXFileReference; lastKnownFileType = sourcecode.swift; path = ResourcesViewController.swift; sourceTree = "<group>"; };
		AA757FF71AF2191400BF438F /* Base */ = {isa = PBXFileReference; lastKnownFileType = file.storyboard; name = Base; path = Base.lproj/Main.storyboard; sourceTree = "<group>"; };
		AA757FF91AF2191400BF438F /* Images.xcassets */ = {isa = PBXFileReference; lastKnownFileType = folder.assetcatalog; path = Images.xcassets; sourceTree = "<group>"; };
		AA757FFC1AF2191400BF438F /* Base */ = {isa = PBXFileReference; lastKnownFileType = file.xib; name = Base; path = Base.lproj/LaunchScreen.xib; sourceTree = "<group>"; };
		AA7580021AF2191400BF438F /* CoderDojo LuxembourgTests.xctest */ = {isa = PBXFileReference; explicitFileType = wrapper.cfbundle; includeInIndex = 0; path = "CoderDojo LuxembourgTests.xctest"; sourceTree = BUILT_PRODUCTS_DIR; };
		AA7580071AF2191400BF438F /* Info.plist */ = {isa = PBXFileReference; lastKnownFileType = text.plist.xml; path = Info.plist; sourceTree = "<group>"; };
		AA7580081AF2191400BF438F /* CoderDojo_LuxembourgTests.swift */ = {isa = PBXFileReference; lastKnownFileType = sourcecode.swift; path = CoderDojo_LuxembourgTests.swift; sourceTree = "<group>"; };
		AA7580121AF21E5A00BF438F /* TwitterViewController.swift */ = {isa = PBXFileReference; fileEncoding = 4; lastKnownFileType = sourcecode.swift; path = TwitterViewController.swift; sourceTree = "<group>"; };
		AA7580141AF21E8400BF438F /* LocationViewController.swift */ = {isa = PBXFileReference; fileEncoding = 4; lastKnownFileType = sourcecode.swift; path = LocationViewController.swift; sourceTree = "<group>"; };
		AA7580161AF21E9200BF438F /* NewsViewController.swift */ = {isa = PBXFileReference; fileEncoding = 4; lastKnownFileType = sourcecode.swift; path = NewsViewController.swift; sourceTree = "<group>"; };
/* End PBXFileReference section */

/* Begin PBXFrameworksBuildPhase section */
		AA757FE81AF2191400BF438F /* Frameworks */ = {
			isa = PBXFrameworksBuildPhase;
			buildActionMask = 2147483647;
			files = (
			);
			runOnlyForDeploymentPostprocessing = 0;
		};
		AA757FFF1AF2191400BF438F /* Frameworks */ = {
			isa = PBXFrameworksBuildPhase;
			buildActionMask = 2147483647;
			files = (
			);
			runOnlyForDeploymentPostprocessing = 0;
		};
/* End PBXFrameworksBuildPhase section */

/* Begin PBXGroup section */
		AA757FE21AF2191400BF438F = {
			isa = PBXGroup;
			children = (
				AA757FED1AF2191400BF438F /* CoderDojo Luxembourg */,
				AA7580051AF2191400BF438F /* CoderDojo LuxembourgTests */,
				AA757FEC1AF2191400BF438F /* Products */,
			);
			sourceTree = "<group>";
		};
		AA757FEC1AF2191400BF438F /* Products */ = {
			isa = PBXGroup;
			children = (
				AA757FEB1AF2191400BF438F /* CoderDojo Luxembourg.app */,
				AA7580021AF2191400BF438F /* CoderDojo LuxembourgTests.xctest */,
			);
			name = Products;
			sourceTree = "<group>";
		};
		AA757FED1AF2191400BF438F /* CoderDojo Luxembourg */ = {
			isa = PBXGroup;
			children = (
				AA757FF01AF2191400BF438F /* AppDelegate.swift */,
				AA757FF21AF2191400BF438F /* AboutViewController.swift */,
				AA7580121AF21E5A00BF438F /* TwitterViewController.swift */,
				AA757FF41AF2191400BF438F /* ResourcesViewController.swift */,
				AA7580141AF21E8400BF438F /* LocationViewController.swift */,
				AA7580161AF21E9200BF438F /* NewsViewController.swift */,
				AA757FF61AF2191400BF438F /* Main.storyboard */,
				AA757FF91AF2191400BF438F /* Images.xcassets */,
				AA757FFB1AF2191400BF438F /* LaunchScreen.xib */,
				AA757FEE1AF2191400BF438F /* Supporting Files */,
			);
			path = "CoderDojo Luxembourg";
			sourceTree = "<group>";
		};
		AA757FEE1AF2191400BF438F /* Supporting Files */ = {
			isa = PBXGroup;
			children = (
				AA757FEF1AF2191400BF438F /* Info.plist */,
			);
			name = "Supporting Files";
			sourceTree = "<group>";
		};
		AA7580051AF2191400BF438F /* CoderDojo LuxembourgTests */ = {
			isa = PBXGroup;
			children = (
				AA7580081AF2191400BF438F /* CoderDojo_LuxembourgTests.swift */,
				AA7580061AF2191400BF438F /* Supporting Files */,
			);
			path = "CoderDojo LuxembourgTests";
			sourceTree = "<group>";
		};
		AA7580061AF2191400BF438F /* Supporting Files */ = {
			isa = PBXGroup;
			children = (
				AA7580071AF2191400BF438F /* Info.plist */,
			);
			name = "Supporting Files";
			sourceTree = "<group>";
		};
/* End PBXGroup section */

/* Begin PBXNativeTarget section */
		AA757FEA1AF2191400BF438F /* CoderDojo Luxembourg */ = {
			isa = PBXNativeTarget;
			buildConfigurationList = AA75800C1AF2191400BF438F /* Build configuration list for PBXNativeTarget "CoderDojo Luxembourg" */;
			buildPhases = (
				AA757FE71AF2191400BF438F /* Sources */,
				AA757FE81AF2191400BF438F /* Frameworks */,
				AA757FE91AF2191400BF438F /* Resources */,
			);
			buildRules = (
			);
			dependencies = (
			);
			name = "CoderDojo Luxembourg";
			productName = "CoderDojo Luxembourg";
			productReference = AA757FEB1AF2191400BF438F /* CoderDojo Luxembourg.app */;
			productType = "com.apple.product-type.application";
		};
		AA7580011AF2191400BF438F /* CoderDojo LuxembourgTests */ = {
			isa = PBXNativeTarget;
			buildConfigurationList = AA75800F1AF2191400BF438F /* Build configuration list for PBXNativeTarget "CoderDojo LuxembourgTests" */;
			buildPhases = (
				AA757FFE1AF2191400BF438F /* Sources */,
				AA757FFF1AF2191400BF438F /* Frameworks */,
				AA7580001AF2191400BF438F /* Resources */,
			);
			buildRules = (
			);
			dependencies = (
				AA7580041AF2191400BF438F /* PBXTargetDependency */,
			);
			name = "CoderDojo LuxembourgTests";
			productName = "CoderDojo LuxembourgTests";
			productReference = AA7580021AF2191400BF438F /* CoderDojo LuxembourgTests.xctest */;
			productType = "com.apple.product-type.bundle.unit-test";
		};
/* End PBXNativeTarget section */

/* Begin PBXProject section */
		AA757FE31AF2191400BF438F /* Project object */ = {
			isa = PBXProject;
			attributes = {
				LastSwiftUpdateCheck = 0710;
				LastUpgradeCheck = 0630;
				ORGANIZATIONNAME = "Steve Clement";
				TargetAttributes = {
					AA757FEA1AF2191400BF438F = {
						CreatedOnToolsVersion = 6.3.1;
					};
					AA7580011AF2191400BF438F = {
						CreatedOnToolsVersion = 6.3.1;
						TestTargetID = AA757FEA1AF2191400BF438F;
					};
				};
			};
			buildConfigurationList = AA757FE61AF2191400BF438F /* Build configuration list for PBXProject "CoderDojo Luxembourg" */;
			compatibilityVersion = "Xcode 3.2";
			developmentRegion = English;
			hasScannedForEncodings = 0;
			knownRegions = (
				en,
				Base,
			);
			mainGroup = AA757FE21AF2191400BF438F;
			productRefGroup = AA757FEC1AF2191400BF438F /* Products */;
			projectDirPath = "";
			projectRoot = "";
			targets = (
				AA757FEA1AF2191400BF438F /* CoderDojo Luxembourg */,
				AA7580011AF2191400BF438F /* CoderDojo LuxembourgTests */,
			);
		};
/* End PBXProject section */

/* Begin PBXResourcesBuildPhase section */
		AA757FE91AF2191400BF438F /* Resources */ = {
			isa = PBXResourcesBuildPhase;
			buildActionMask = 2147483647;
			files = (
				AA757FF81AF2191400BF438F /* Main.storyboard in Resources */,
				AA757FFD1AF2191400BF438F /* LaunchScreen.xib in Resources */,
				AA757FFA1AF2191400BF438F /* Images.xcassets in Resources */,
			);
			runOnlyForDeploymentPostprocessing = 0;
		};
		AA7580001AF2191400BF438F /* Resources */ = {
			isa = PBXResourcesBuildPhase;
			buildActionMask = 2147483647;
			files = (
			);
			runOnlyForDeploymentPostprocessing = 0;
		};
/* End PBXResourcesBuildPhase section */

/* Begin PBXSourcesBuildPhase section */
		AA757FE71AF2191400BF438F /* Sources */ = {
			isa = PBXSourcesBuildPhase;
			buildActionMask = 2147483647;
			files = (
				AA7580151AF21E8400BF438F /* LocationViewController.swift in Sources */,
				AA757FF51AF2191400BF438F /* ResourcesViewController.swift in Sources */,
				AA757FF11AF2191400BF438F /* AppDelegate.swift in Sources */,
				AA7580171AF21E9200BF438F /* NewsViewController.swift in Sources */,
				AA7580131AF21E5A00BF438F /* TwitterViewController.swift in Sources */,
				AA757FF31AF2191400BF438F /* AboutViewController.swift in Sources */,
			);
			runOnlyForDeploymentPostprocessing = 0;
		};
		AA757FFE1AF2191400BF438F /* Sources */ = {
			isa = PBXSourcesBuildPhase;
			buildActionMask = 2147483647;
			files = (
				AA7580091AF2191400BF438F /* CoderDojo_LuxembourgTests.swift in Sources */,
			);
			runOnlyForDeploymentPostprocessing = 0;
		};
/* End PBXSourcesBuildPhase section */

/* Begin PBXTargetDependency section */
		AA7580041AF2191400BF438F /* PBXTargetDependency */ = {
			isa = PBXTargetDependency;
			target = AA757FEA1AF2191400BF438F /* CoderDojo Luxembourg */;
			targetProxy = AA7580031AF2191400BF438F /* PBXContainerItemProxy */;
		};
/* End PBXTargetDependency section */

/* Begin PBXVariantGroup section */
		AA757FF61AF2191400BF438F /* Main.storyboard */ = {
			isa = PBXVariantGroup;
			children = (
				AA757FF71AF2191400BF438F /* Base */,
			);
			name = Main.storyboard;
			sourceTree = "<group>";
		};
		AA757FFB1AF2191400BF438F /* LaunchScreen.xib */ = {
			isa = PBXVariantGroup;
			children = (
				AA757FFC1AF2191400BF438F /* Base */,
			);
			name = LaunchScreen.xib;
			sourceTree = "<group>";
		};
/* End PBXVariantGroup section */

/* Begin XCBuildConfiguration section */
		AA75800A1AF2191400BF438F /* Debug */ = {
			isa = XCBuildConfiguration;
			buildSettings = {
				ALWAYS_SEARCH_USER_PATHS = NO;
				CLANG_CXX_LANGUAGE_STANDARD = "gnu++0x";
				CLANG_CXX_LIBRARY = "libc++";
				CLANG_ENABLE_MODULES = YES;
				CLANG_ENABLE_OBJC_ARC = YES;
				CLANG_WARN_BOOL_CONVERSION = YES;
				CLANG_WARN_CONSTANT_CONVERSION = YES;
				CLANG_WARN_DIRECT_OBJC_ISA_USAGE = YES_ERROR;
				CLANG_WARN_EMPTY_BODY = YES;
				CLANG_WARN_ENUM_CONVERSION = YES;
				CLANG_WARN_INT_CONVERSION = YES;
				CLANG_WARN_OBJC_ROOT_CLASS = YES_ERROR;
				CLANG_WARN_UNREACHABLE_CODE = YES;
				CLANG_WARN__DUPLICATE_METHOD_MATCH = YES;
				"CODE_SIGN_IDENTITY[sdk=iphoneos*]" = "iPhone Developer";
				COPY_PHASE_STRIP = NO;
				DEBUG_INFORMATION_FORMAT = "dwarf-with-dsym";
				ENABLE_STRICT_OBJC_MSGSEND = YES;
				GCC_C_LANGUAGE_STANDARD = gnu99;
				GCC_DYNAMIC_NO_PIC = NO;
				GCC_NO_COMMON_BLOCKS = YES;
				GCC_OPTIMIZATION_LEVEL = 0;
				GCC_PREPROCESSOR_DEFINITIONS = (
					"DEBUG=1",
					"$(inherited)",
				);
				GCC_SYMBOLS_PRIVATE_EXTERN = NO;
				GCC_WARN_64_TO_32_BIT_CONVERSION = YES;
				GCC_WARN_ABOUT_RETURN_TYPE = YES_ERROR;
				GCC_WARN_UNDECLARED_SELECTOR = YES;
				GCC_WARN_UNINITIALIZED_AUTOS = YES_AGGRESSIVE;
				GCC_WARN_UNUSED_FUNCTION = YES;
				GCC_WARN_UNUSED_VARIABLE = YES;
				IPHONEOS_DEPLOYMENT_TARGET = 8.3;
				MTL_ENABLE_DEBUG_INFO = YES;
				ONLY_ACTIVE_ARCH = YES;
				SDKROOT = iphoneos;
				SWIFT_OPTIMIZATION_LEVEL = "-Onone";
				TARGETED_DEVICE_FAMILY = "1,2";
			};
			name = Debug;
		};
		AA75800B1AF2191400BF438F /* Release */ = {
			isa = XCBuildConfiguration;
			buildSettings = {
				ALWAYS_SEARCH_USER_PATHS = NO;
				CLANG_CXX_LANGUAGE_STANDARD = "gnu++0x";
				CLANG_CXX_LIBRARY = "libc++";
				CLANG_ENABLE_MODULES = YES;
				CLANG_ENABLE_OBJC_ARC = YES;
				CLANG_WARN_BOOL_CONVERSION = YES;
				CLANG_WARN_CONSTANT_CONVERSION = YES;
				CLANG_WARN_DIRECT_OBJC_ISA_USAGE = YES_ERROR;
				CLANG_WARN_EMPTY_BODY = YES;
				CLANG_WARN_ENUM_CONVERSION = YES;
				CLANG_WARN_INT_CONVERSION = YES;
				CLANG_WARN_OBJC_ROOT_CLASS = YES_ERROR;
				CLANG_WARN_UNREACHABLE_CODE = YES;
				CLANG_WARN__DUPLICATE_METHOD_MATCH = YES;
				"CODE_SIGN_IDENTITY[sdk=iphoneos*]" = "iPhone Developer";
				COPY_PHASE_STRIP = NO;
				DEBUG_INFORMATION_FORMAT = "dwarf-with-dsym";
				ENABLE_NS_ASSERTIONS = NO;
				ENABLE_STRICT_OBJC_MSGSEND = YES;
				GCC_C_LANGUAGE_STANDARD = gnu99;
				GCC_NO_COMMON_BLOCKS = YES;
				GCC_WARN_64_TO_32_BIT_CONVERSION = YES;
				GCC_WARN_ABOUT_RETURN_TYPE = YES_ERROR;
				GCC_WARN_UNDECLARED_SELECTOR = YES;
				GCC_WARN_UNINITIALIZED_AUTOS = YES_AGGRESSIVE;
				GCC_WARN_UNUSED_FUNCTION = YES;
				GCC_WARN_UNUSED_VARIABLE = YES;
				IPHONEOS_DEPLOYMENT_TARGET = 8.3;
				MTL_ENABLE_DEBUG_INFO = NO;
				SDKROOT = iphoneos;
				TARGETED_DEVICE_FAMILY = "1,2";
				VALIDATE_PRODUCT = YES;
			};
			name = Release;
		};
		AA75800D1AF2191400BF438F /* Debug */ = {
			isa = XCBuildConfiguration;
			buildSettings = {
				ASSETCATALOG_COMPILER_APPICON_NAME = AppIcon;
				INFOPLIST_FILE = "CoderDojo Luxembourg/Info.plist";
				LD_RUNPATH_SEARCH_PATHS = "$(inherited) @executable_path/Frameworks";
				PRODUCT_NAME = "$(TARGET_NAME)";
			};
			name = Debug;
		};
		AA75800E1AF2191400BF438F /* Release */ = {
			isa = XCBuildConfiguration;
			buildSettings = {
				ASSETCATALOG_COMPILER_APPICON_NAME = AppIcon;
				INFOPLIST_FILE = "CoderDojo Luxembourg/Info.plist";
				LD_RUNPATH_SEARCH_PATHS = "$(inherited) @executable_path/Frameworks";
				PRODUCT_NAME = "$(TARGET_NAME)";
			};
			name = Release;
		};
		AA7580101AF2191400BF438F /* Debug */ = {
			isa = XCBuildConfiguration;
			buildSettings = {
				BUNDLE_LOADER = "$(TEST_HOST)";
				FRAMEWORK_SEARCH_PATHS = (
					"$(SDKROOT)/Developer/Library/Frameworks",
					"$(inherited)",
				);
				GCC_PREPROCESSOR_DEFINITIONS = (
					"DEBUG=1",
					"$(inherited)",
				);
				INFOPLIST_FILE = "CoderDojo LuxembourgTests/Info.plist";
				LD_RUNPATH_SEARCH_PATHS = "$(inherited) @executable_path/Frameworks @loader_path/Frameworks";
				PRODUCT_NAME = "$(TARGET_NAME)";
				TEST_HOST = "$(BUILT_PRODUCTS_DIR)/CoderDojo Luxembourg.app/CoderDojo Luxembourg";
			};
			name = Debug;
		};
		AA7580111AF2191400BF438F /* Release */ = {
			isa = XCBuildConfiguration;
			buildSettings = {
				BUNDLE_LOADER = "$(TEST_HOST)";
				FRAMEWORK_SEARCH_PATHS = (
					"$(SDKROOT)/Developer/Library/Frameworks",
					"$(inherited)",
				);
				INFOPLIST_FILE = "CoderDojo LuxembourgTests/Info.plist";
				LD_RUNPATH_SEARCH_PATHS = "$(inherited) @executable_path/Frameworks @loader_path/Frameworks";
				PRODUCT_NAME = "$(TARGET_NAME)";
				TEST_HOST = "$(BUILT_PRODUCTS_DIR)/CoderDojo Luxembourg.app/CoderDojo Luxembourg";
			};
			name = Release;
		};
/* End XCBuildConfiguration section */

/* Begin XCConfigurationList section */
		AA757FE61AF2191400BF438F /* Build configuration list for PBXProject "CoderDojo Luxembourg" */ = {
			isa = XCConfigurationList;
			buildConfigurations = (
				AA75800A1AF2191400BF438F /* Debug */,
				AA75800B1AF2191400BF438F /* Release */,
			);
			defaultConfigurationIsVisible = 0;
			defaultConfigurationName = Release;
		};
		AA75800C1AF2191400BF438F /* Build configuration list for PBXNativeTarget "CoderDojo Luxembourg" */ = {
			isa = XCConfigurationList;
			buildConfigurations = (
				AA75800D1AF2191400BF438F /* Debug */,
				AA75800E1AF2191400BF438F /* Release */,
			);
			defaultConfigurationIsVisible = 0;
			defaultConfigurationName = Release;
		};
		AA75800F1AF2191400BF438F /* Build configuration list for PBXNativeTarget "CoderDojo LuxembourgTests" */ = {
			isa = XCConfigurationList;
			buildConfigurations = (
				AA7580101AF2191400BF438F /* Debug */,
				AA7580111AF2191400BF438F /* Release */,
			);
			defaultConfigurationIsVisible = 0;
			defaultConfigurationName = Release;
		};
/* End XCConfigurationList section */
	};
	rootObject = AA757FE31AF2191400BF438F /* Project object */;
}
